
Microsoft Visual Studio Solution File, Format Version 12.00
# Visual Studio Version 17
VisualStudioVersion = 17.9.34607.119
MinimumVisualStudioVersion = 10.0.40219.1
Project("{FAE04EC0-301F-11D3-BF4B-00C04F79EFBC}") = "Task_2", "Task_2.csproj", "{EAD05894-DF42-4F14-8EF0-48C02F9E9EFB}"
EndProject
Global
	GlobalSection(SolutionConfigurationPlatforms) = preSolution
		Debug|Any CPU = Debug|Any CPU
		Release|Any CPU = Release|Any CPU
	EndGlobalSection
	GlobalSection(ProjectConfigurationPlatforms) = postSolution
		{EAD05894-DF42-4F14-8EF0-48C02F9E9EFB}.Debug|Any CPU.ActiveCfg = Debug|Any CPU
		{EAD05894-DF42-4F14-8EF0-48C02F9E9EFB}.Debug|Any CPU.Build.0 = Debug|Any CPU
		{EAD05894-DF42-4F14-8EF0-48C02F9E9EFB}.Release|Any CPU.ActiveCfg = Release|Any CPU
		{EAD05894-DF42-4F14-8EF0-48C02F9E9EFB}.Release|Any CPU.Build.0 = Release|Any CPU
	EndGlobalSection
	GlobalSection(SolutionProperties) = preSolution
		HideSolutionNode = FALSE
	EndGlobalSection
	GlobalSection(ExtensibilityGlobals) = postSolution
		SolutionGuid = {7D596F89-AEAA-4082-9F0F-F392B1140FB9}
	EndGlobalSection
EndGlobal
